
Microsoft Visual Studio Solution File, Format Version 12.00
# Visual Studio Version 17
VisualStudioVersion = 17.5.002.0
MinimumVisualStudioVersion = 10.0.40219.1
Project("{9A19103F-16F7-4668-BE54-9A1E7A4F7556}") = "backend", "backend.csproj", "{2EA8D5D5-3750-484A-9B60-1242D59ED0AC}"
EndProject
Global
	GlobalSection(SolutionConfigurationPlatforms) = preSolution
		Debug|Any CPU = Debug|Any CPU
		Release|Any CPU = Release|Any CPU
	EndGlobalSection
	GlobalSection(ProjectConfigurationPlatforms) = postSolution
		{2EA8D5D5-3750-484A-9B60-1242D59ED0AC}.Debug|Any CPU.ActiveCfg = Debug|Any CPU
		{2EA8D5D5-3750-484A-9B60-1242D59ED0AC}.Debug|Any CPU.Build.0 = Debug|Any CPU
		{2EA8D5D5-3750-484A-9B60-1242D59ED0AC}.Release|Any CPU.ActiveCfg = Release|Any CPU
		{2EA8D5D5-3750-484A-9B60-1242D59ED0AC}.Release|Any CPU.Build.0 = Release|Any CPU
	EndGlobalSection
	GlobalSection(SolutionProperties) = preSolution
		HideSolutionNode = FALSE
	EndGlobalSection
	GlobalSection(ExtensibilityGlobals) = postSolution
		SolutionGuid = {8BC5FB40-2D40-4754-BC6B-20B3CA3F7336}
	EndGlobalSection
EndGlobal
